---
lockfileVersion: '9.0'

importers:

  .:
    configDependencies: {}
    packageManagerDependencies:
      pnpm:
        specifier: 12.10.0
        version: 12.10.0

packages:

  '@pnpm/exe.android-arm64@12.10.0':
    resolution: {integrity: sha512-QMMRzOI/7CU4xLbKY6O2BZn3VI4+a8LLyim18H7it8llBWuBPMqDqUURE8045k+7lI8/lI2/tElhyKptEviKDQ==}
    cpu: [arm64]
    os: [android]

  '@pnpm/exe.android-x64@12.10.0':
    resolution: {integrity: sha512-41zwlROW+t523Nfqo4rWp8IPiSK5vnAWrnCey26Je45rX1SMNc4ABY7OFmPw41/t+Y0CE+4tjTj+0s9YGqPM5w==}
    cpu: [x64]
    os: [android]

  '@pnpm/exe.darwin-arm64@12.10.0':
    resolution: {integrity: sha512-L+r7AD8Fjf8Vcc4ZRJl+Pjzc27CIeQ/FiRwPmOluFO2UcXubmGHdW+OuMUxrU0vkoXiGR61Ft0RtaPwTRY4W/g==}
    cpu: [arm64]
    os: [darwin]

  '@pnpm/exe.darwin-x64@12.10.0':
    resolution: {integrity: sha512-/TCF1K6E+4PnbkLgqGS1Iqlf5bHp6FDzuXgu6++PMMAFkF7Yk5EF3BcfG1gYYjpkvlJBccvVMsRBnWFbSyqu1w==}
    cpu: [x64]
    os: [darwin]

  '@pnpm/exe.freebsd-x64@12.10.0':
    resolution: {integrity: sha512-k7/WFA91E2qhnR/2EOEv402U8bjP758y2pybbdiB5Hrd4KhgviVOJp5cFrXpKgd8HZJs/RZN7cdmMvU2Q2BVgg==}
    cpu: [x64]
    os: [freebsd]

  '@pnpm/exe.linux-arm64-musl@12.10.0':
    resolution: {integrity: sha512-ChD8bN0lRCRaL+CMOaMUgZQ4WHzEkDXmDHrZgXgdoo6yymQKKzr66Ic7Sl/D7Ky1cVUcFEzHjlq4fGDJwt6Lqg==}
    cpu: [arm64]
    os: [linux]
    libc: [musl]

  '@pnpm/exe.linux-arm64@12.10.0':
    resolution: {integrity: sha512-egl5RUSQFh7kETBdmMhaTuaQKP1pjH6Cxq370zgpFFKJXF+GGkIzK+jLNazrjX9pKIWF3iqn7kUeyP6yKxzBoA==}
    cpu: [arm64]
    os: [linux]
    libc: [glibc]

  '@pnpm/exe.linux-ppc64@12.10.0':
    resolution: {integrity: sha512-YJ6bEZ+stPpv71CGfGQQeyIpMx/zSMEcAXQzG+rjBtzVfyNsxYciRevhJ+PE9b2qKqN78Mh/1tOMmx9ly4VXGw==}
    cpu: [ppc64]
    os: [linux]
    libc: [glibc]

  '@pnpm/exe.linux-riscv64@12.10.0':
    resolution: {integrity: sha512-njfd4euctC1zH1nVBbm6+r1c+0y/TtgqN523rk/KMSxqItpV5QAVa9Yz48Rt5DOIKmuLq7xXOhsQodBlbTk3pw==}
    cpu: [riscv64]
    os: [linux]
    libc: [glibc]

  '@pnpm/exe.linux-s390x@12.10.0':
    resolution: {integrity: sha512-4JI2F8pYGMcsG6ny61OiBSvZeDozc64TbPozbTU2X5uCsaFCsCvcpr/WwyypwCv+/mNjcIhaKhlxpwJYsnteIg==}
    cpu: [s390x]
    os: [linux]
    libc: [glibc]

  '@pnpm/exe.linux-x64-musl@12.10.0':
    resolution: {integrity: sha512-xayd2iG8ugdvjlGeOvsfm+iSe0bFu9RTX3/8HWOLAQmHdbLKi4hPbxP0S4c9tj8pNej/IxVBQLJksRXFlhNjPw==}
    cpu: [x64]
    os: [linux]
    libc: [musl]

  '@pnpm/exe.linux-x64@12.10.0':
    resolution: {integrity: sha512-PFkzWEghFLKuocxMHtn57mlJ59f5aBbqjX6FCUtiunEHqxTxOibSduQPs3Llm6VWbAXBjD3VrX29Z+bjU1Dpyw==}
    cpu: [x64]
    os: [linux]
    libc: [glibc]

  '@pnpm/exe.win32-arm64@12.10.0':
    resolution: {integrity: sha512-0HtTS+TLONWd/dNSczyOkK0UeZ36cbdhC/2ljZ61DPhvc4jTb7ur0yU47On0in7Im3yXwzTY4vtF8ykrDwc+NQ==}
    cpu: [arm64]
    os: [win32]

  '@pnpm/exe.win32-x64@12.10.0':
    resolution: {integrity: sha512-IcW3rehTGzJ7YnmHEWnbnJakjbBmnH0r29qiajK9+6b9psMF9IjocFr0dyitRVSfXxyW/FI5PIK3mOswGoyFTg==}
    cpu: [x64]
    os: [win32]

  pnpm@12.10.0:
    resolution: {integrity: sha512-Eip7bd+dQCaLwNsal4CJm5Xk+out/Ke9RQYVrYz3wmWfX1acIO18U4hrx7CNDVClT0rVBwaEf1aC7GxQSEFlOQ==}
    engines: {node: '>=18.*'}
    hasBin: true

snapshots:

  '@pnpm/exe.android-arm64@12.10.0':
    optional: true

  '@pnpm/exe.android-x64@12.10.0':
    optional: true

  '@pnpm/exe.darwin-arm64@12.10.0':
    optional: true

  '@pnpm/exe.darwin-x64@12.10.0':
    optional: true

  '@pnpm/exe.freebsd-x64@12.10.0':
    optional: true

  '@pnpm/exe.linux-arm64-musl@12.10.0':
    optional: true

  '@pnpm/exe.linux-arm64@12.10.0':
    optional: true

  '@pnpm/exe.linux-ppc64@12.10.0':
    optional: true

  '@pnpm/exe.linux-riscv64@12.10.0':
    optional: true

  '@pnpm/exe.linux-s390x@12.10.0':
    optional: true

  '@pnpm/exe.linux-x64-musl@12.10.0':
    optional: true

  '@pnpm/exe.linux-x64@12.10.0':
    optional: true

  '@pnpm/exe.win32-arm64@12.10.0':
    optional: true

  '@pnpm/exe.win32-x64@12.10.0':
    optional: true

  pnpm@12.10.0:
    optionalDependencies:
      '@pnpm/exe.android-arm64': 12.10.0
      '@pnpm/exe.android-x64': 12.10.0
      '@pnpm/exe.darwin-arm64': 12.10.0
      '@pnpm/exe.darwin-x64': 12.10.0
      '@pnpm/exe.freebsd-x64': 12.10.0
      '@pnpm/exe.linux-arm64': 12.10.0
      '@pnpm/exe.linux-arm64-musl': 12.10.0
      '@pnpm/exe.linux-ppc64': 12.10.0
      '@pnpm/exe.linux-riscv64': 12.10.0
      '@pnpm/exe.linux-s390x': 12.10.0
      '@pnpm/exe.linux-x64': 12.10.0
      '@pnpm/exe.linux-x64-musl': 12.10.0
      '@pnpm/exe.win32-arm64': 12.10.0
      '@pnpm/exe.win32-x64': 12.10.0

---
lockfileVersion: '9.0'

settings:
  autoInstallPeers: true
  excludeLinksFromLockfile: false

importers:

  .:
    devDependencies:
      concurrently:
        specifier: 10.0.5
        version: 10.0.5
      prettier:
        specifier: 3.9.9
        version: 3.9.9

packages:

  ansi-regex@6.4.0:
    resolution: {integrity: sha512-KzTVk2tCWAHtYrvvvaP8bJKJq2pVinhLcGEQdtLIYPbmNGNyYe8QwNaTUYQp2J7/vIsUKt5QCqAfUkYyG9DkOw==}
    engines: {node: '>=12'}

  ansi-styles@6.2.3:
    resolution: {integrity: sha512-4Dj6M28JB+oAH8kFkTLUo+a2jwOFkuqb3yucU0CANcRRUbxS0cP0nZYCGjcc3BNXwRIsUVmDGgzawme7zvJHvg==}
    engines: {node: '>=12'}

  chalk@5.6.2:
    resolution: {integrity: sha512-7NzBL0rN6fMUW+f7A6Io4h40qQlG+xGmtMxfbnH/K7TAtt8JQWVQK+6g0UXKMeVJoyV5EkkNsErQ8pVD3bLHbA==}
    engines: {node: ^12.17.0 || ^14.13 || >=16.0.0}

  cliui@9.0.1:
    resolution: {integrity: sha512-k7ndgKhwoQveBL+/1tqGJYNz097I7WOvwbmmU2AR5+magtbjPWQTS1C5vzGkBC8Ym8UWRzfKUzUUqFLypY4Q+w==}
    engines: {node: '>=20'}

  concurrently@10.0.5:
    resolution: {integrity: sha512-JaP/CoftUrCcAFW/g//RbgEGwlelnEae6cfBLgH6ZdO6s8jPkn6p9SB9u6pdVxYXoiSnFqseOlHfrEfF82TVOg==}
    engines: {node: '>=22'}
    hasBin: true

  emoji-regex@10.6.0:
    resolution: {integrity: sha512-toUI84YS5YmxW219erniWD0CIVOo46xGKColeNQRgOzDorgBi1v4D71/OFzgD9GO2UGKIv1C3Sp8DAn0+j5w7A==}

  escalade@3.2.0:
    resolution: {integrity: sha512-WUj2qlxaQtO4g6Pq5c29GTcWGDyd8itL8zTlipgECz3JesAiiOKotd8JU6otB3PACgG6xkJUyVhboMS+bje/jA==}
    engines: {node: '>=6'}

  get-caller-file@2.0.5:
    resolution: {integrity: sha512-DyFP3BM/3YHTQOCUL/w0OZHR0lpKeGrxotcHWcqNEdnltqFwXVfhEBQ94eIo34AfQpo0rGki4cyIiftY06h2Fg==}
    engines: {node: 6.* || 8.* || >= 10.*}

  get-east-asian-width@1.7.0:
    resolution: {integrity: sha512-XjH1AECxf0giL2V1aU8vKyRR2ppRUb5c0EvT7zuJTokQ74bNo52zOtghqdWIqrhUD79fo3x0WfKZdOqxF6LG1Q==}
    engines: {node: '>=18'}

  prettier@3.9.9:
    resolution: {integrity: sha512-Z/CJHIkdujO/OtN7nXUii0Rf3VT5SRuhjBA82Xvu2XhBUgX3nhP67T0LHceBdQLex7OOFGTox+Q5Yg8Jk2Qivg==}
    engines: {node: '>=14'}
    hasBin: true

  rxjs@7.8.2:
    resolution: {integrity: sha512-dhKf903U/PQZY6boNNtAGdWbG85WAbjT/1xYoZIC7FAY0yWapOBQVsVrDl58W86//e1VpMNBtRV4MaXfdMySFA==}

  shell-quote@1.9.0:
    resolution: {integrity: sha512-Iov+JwFv/2HcTpcwNMKd8+IWNb8tboQJNQTkAY/LLVK7gGH9jy+LGkVqPxfekHl+yMmiqXszdGWXgkfml7hjqA==}
    engines: {node: '>= 0.4'}

  string-width@7.2.0:
    resolution: {integrity: sha512-tsaTIkKW9b4N+AEj+SVA+WhJzV7/zMhcSu78mLKWSk7cXMOSHsBKFWUs0fWwq8QyK3MgJBQRX6Gbi4kYbdvGkQ==}
    engines: {node: '>=18'}

  strip-ansi@7.2.0:
    resolution: {integrity: sha512-yDPMNjp4WyfYBkHnjIRLfca1i6KMyGCtsVgoKe/z1+6vukgaENdgGBZt+ZmKPc4gavvEZ5OgHfHdrazhgNyG7w==}
    engines: {node: '>=12'}

  supports-color@10.2.2:
    resolution: {integrity: sha512-SS+jx45GF1QjgEXQx4NJZV9ImqmO2NPz5FNsIHrsDjh2YsHnawpan7SNQ1o8NuhrbHZy9AZhIoCUiCeaW/C80g==}
    engines: {node: '>=18'}

  tree-kill@1.2.2:
    resolution: {integrity: sha512-L0Orpi8qGpRG//Nd+H90vFB+3iHnue1zSSGmNOOCh1GLJ7rUKVwV2HvijphGQS2UmhUZewS9VgvxYIdgr+fG1A==}
    hasBin: true

  tslib@2.8.1:
    resolution: {integrity: sha512-oJFu94HQb+KVduSUQL7wnpmqnfmLsOA/nAh6b6EH0wCEoK0/mPeXU6c3wKDV83MkOuHPRHtSXKKU99IBazS/2w==}

  wrap-ansi@9.0.2:
    resolution: {integrity: sha512-42AtmgqjV+X1VpdOfyTGOYRi0/zsoLqtXQckTmqTeybT+BDIbM/Guxo7x3pE2vtpr1ok6xRqM9OpBe+Jyoqyww==}
    engines: {node: '>=18'}

  y18n@5.0.8:
    resolution: {integrity: sha512-0pfFzegeDWJHJIAmTLRP2DwHjdF5s7jo9tuztdQxAhINCdvS+3nGINqPd00AphqJR/0LhANUS6/+7SCb98YOfA==}
    engines: {node: '>=10'}

  yargs-parser@22.0.0:
    resolution: {integrity: sha512-rwu/ClNdSMpkSrUb+d6BRsSkLUq1fmfsY6TOpYzTwvwkg1/NRG85KBy3kq++A8LKQwX6lsu+aWad+2khvuXrqw==}
    engines: {node: ^20.19.0 || ^22.12.0 || >=23}

  yargs@18.0.0:
    resolution: {integrity: sha512-4UEqdc2RYGHZc7Doyqkrqiln3p9X2DZVxaGbwhn2pi7MrRagKaOcIKe8L3OxYcbhXLgLFUS3zAYuQjKBQgmuNg==}
    engines: {node: ^20.19.0 || ^22.12.0 || >=23}

snapshots:

  ansi-regex@6.4.0: {}

  ansi-styles@6.2.3: {}

  chalk@5.6.2: {}

  cliui@9.0.1:
    dependencies:
      string-width: 7.2.0
      strip-ansi: 7.2.0
      wrap-ansi: 9.0.2

  concurrently@10.0.5:
    dependencies:
      chalk: 5.6.2
      rxjs: 7.8.2
      shell-quote: 1.9.0
      supports-color: 10.2.2
      tree-kill: 1.2.2
      yargs: 18.0.0

  emoji-regex@10.6.0: {}

  escalade@3.2.0: {}

  get-caller-file@2.0.5: {}

  get-east-asian-width@1.7.0: {}

  prettier@3.9.9: {}

  rxjs@7.8.2:
    dependencies:
      tslib: 2.8.1

  shell-quote@1.9.0: {}

  string-width@7.2.0:
    dependencies:
      emoji-regex: 10.6.0
      get-east-asian-width: 1.7.0
      strip-ansi: 7.2.0

  strip-ansi@7.2.0:
    dependencies:
      ansi-regex: 6.4.0

  supports-color@10.2.2: {}

  tree-kill@1.2.2: {}

  tslib@2.8.1: {}

  wrap-ansi@9.0.2:
    dependencies:
      ansi-styles: 6.2.3
      string-width: 7.2.0
      strip-ansi: 7.2.0

  y18n@5.0.8: {}

  yargs-parser@22.0.0: {}

  yargs@18.0.0:
    dependencies:
      cliui: 9.0.1
      escalade: 3.2.0
      get-caller-file: 2.0.5
      string-width: 7.2.0
      y18n: 5.0.8
      yargs-parser: 22.0.0
