lockfileVersion: '9.0'

settings:
  autoInstallPeers: true
  excludeLinksFromLockfile: false

importers:

  .:
    devDependencies:
      prettier:
        specifier: 3.9.7
        version: 3.9.7

packages:

  prettier@3.9.7:
    resolution: {integrity: sha512-T3mF5P7HFzZVLDQuCUNtJj6WK1pcpLMweMNUVwGb01bLNkH9AkKxtZvmInw8K6bnn2O3d6/5RHl6zSHiBAD0Og==}
    engines: {node: '>=14'}
    hasBin: true

snapshots:

  prettier@3.9.7: {}
