---
lockfileVersion: '9.0'

importers:

  .:
    configDependencies: {}
    packageManagerDependencies:
      pnpm:
        specifier: 12.9.1
        version: 12.9.1

packages:

  '@pnpm/exe.android-arm64@12.9.1':
    resolution: {integrity: sha512-Hgm1XdqMTfBC8PdGLL+NjZWv4xyi7D6XNrN9fb24XGYlyTBmUtdCefKnCLmHujShRD8BEO1zqM30SNcKBDLysw==}
    cpu: [arm64]
    os: [android]

  '@pnpm/exe.android-x64@12.9.1':
    resolution: {integrity: sha512-WDGCe6jZRVZP3RC/q6hOkZylkPkIQIi1/GcrR/d/YzbihhAHXCczrk+UYnV5TgbsEnAYO7Cx+2rX3nfhHvy24w==}
    cpu: [x64]
    os: [android]

  '@pnpm/exe.darwin-arm64@12.9.1':
    resolution: {integrity: sha512-+7iiEEBgYN9szPWUnAuN6eOVMTI6Hrki5bcuC9n9xl9tTnT53Tpxpo45Hml+W4IrAU0d+Tmd0sPnVIbX59PD6w==}
    cpu: [arm64]
    os: [darwin]

  '@pnpm/exe.darwin-x64@12.9.1':
    resolution: {integrity: sha512-SK7TxJiR12GbJZGffRFHItkc+Mx+99v6xMMJ9/X//8NwWV1wo17a2bwfGI8qZpl17YwsrmPEFOOqhzE1GIlrtQ==}
    cpu: [x64]
    os: [darwin]

  '@pnpm/exe.freebsd-x64@12.9.1':
    resolution: {integrity: sha512-4AjLk6uvTs2iO6wMit2hcxJ2M32xb7OV5SNFk+w6G8/NzcjcMB7ENEpyeXyLiP0kcnp8uaCGUct2NfrLCJ35eQ==}
    cpu: [x64]
    os: [freebsd]

  '@pnpm/exe.linux-arm64-musl@12.9.1':
    resolution: {integrity: sha512-dZL2ES1ckDWM9v+EtxoOklZ0WNdtayooi9iLiDUubopudX3zXPNR2mlrxBRgjbDgECOndQen2SmyxL5eZiBuKw==}
    cpu: [arm64]
    os: [linux]
    libc: [musl]

  '@pnpm/exe.linux-arm64@12.9.1':
    resolution: {integrity: sha512-cx+uF6xqwEtm7B8NV+1ve0xBg9gcuzQZ5R+0WgOWvKG/h978UljS6BgWs1ipIGuGgUdeVhm3PKmBltXIcczLXA==}
    cpu: [arm64]
    os: [linux]
    libc: [glibc]

  '@pnpm/exe.linux-ppc64@12.9.1':
    resolution: {integrity: sha512-MpjPsy4XR17zAtLziQZfsN+wveWa/bUJggZtwfo3+SuyRmXnSvVkFD4+v8/3RTWyYaM6mwLUTjZDJ+g3urL+ew==}
    cpu: [ppc64]
    os: [linux]
    libc: [glibc]

  '@pnpm/exe.linux-riscv64@12.9.1':
    resolution: {integrity: sha512-Oo67TKqqH+Bno+L6X7Xyorwp1QG82zKIkL0vbo1x2kcPTDiyPbdM+d6lIs4+hzeB1KHT5FDoGzZj2dad7Ft+eg==}
    cpu: [riscv64]
    os: [linux]
    libc: [glibc]

  '@pnpm/exe.linux-s390x@12.9.1':
    resolution: {integrity: sha512-QAD5FRCdW36HfD58BV7DoDm6z8yv+GgSqcUV1+ERwYjpVQuG6ZTpf5o0x3KDas8eTLIW7MLYVdDdlAurWeArEg==}
    cpu: [s390x]
    os: [linux]
    libc: [glibc]

  '@pnpm/exe.linux-x64-musl@12.9.1':
    resolution: {integrity: sha512-mQDhBsGqcTkrLQM4q5igmRFcr6EAl4UM/FGawY+0CWGcqPpUmYUvDy9LHy80xxkHIWVJ886gvvso2XOjfav1Jw==}
    cpu: [x64]
    os: [linux]
    libc: [musl]

  '@pnpm/exe.linux-x64@12.9.1':
    resolution: {integrity: sha512-+M5N74hM4fc87AAckxx/UIW+dUnWf2eko+HchJs/NZUxehLhekNyMI/GNaNXlvd+kWR+97XXBD51XRkkNiUtrA==}
    cpu: [x64]
    os: [linux]
    libc: [glibc]

  '@pnpm/exe.win32-arm64@12.9.1':
    resolution: {integrity: sha512-mI28C2wxobrDi6x1OYhBRyG10hnDq/4sEIyy5RzoX6LB4kLuv6K/d25HOpMwlW20cuM4M72k9NZpOdcmUxMbEA==}
    cpu: [arm64]
    os: [win32]

  '@pnpm/exe.win32-x64@12.9.1':
    resolution: {integrity: sha512-SWoDMT0oD7NrDSIoPpkKD09D9fAQKNjwFZ3lezlCUhAfXxMv70zsfrNT2/P+GoCK2kefXF9OysUZkH1l5vvvfA==}
    cpu: [x64]
    os: [win32]

  pnpm@12.9.1:
    resolution: {integrity: sha512-BrBV//XNINwSeB3hc87TMQzglRvy7GICEaFgRdVETVyTpmMhB2TvKaZTphBFm6A2jw50+E2AxUcjz5Wq57wNbQ==}
    engines: {node: '>=18.*'}
    hasBin: true

snapshots:

  '@pnpm/exe.android-arm64@12.9.1':
    optional: true

  '@pnpm/exe.android-x64@12.9.1':
    optional: true

  '@pnpm/exe.darwin-arm64@12.9.1':
    optional: true

  '@pnpm/exe.darwin-x64@12.9.1':
    optional: true

  '@pnpm/exe.freebsd-x64@12.9.1':
    optional: true

  '@pnpm/exe.linux-arm64-musl@12.9.1':
    optional: true

  '@pnpm/exe.linux-arm64@12.9.1':
    optional: true

  '@pnpm/exe.linux-ppc64@12.9.1':
    optional: true

  '@pnpm/exe.linux-riscv64@12.9.1':
    optional: true

  '@pnpm/exe.linux-s390x@12.9.1':
    optional: true

  '@pnpm/exe.linux-x64-musl@12.9.1':
    optional: true

  '@pnpm/exe.linux-x64@12.9.1':
    optional: true

  '@pnpm/exe.win32-arm64@12.9.1':
    optional: true

  '@pnpm/exe.win32-x64@12.9.1':
    optional: true

  pnpm@12.9.1:
    optionalDependencies:
      '@pnpm/exe.android-arm64': 12.9.1
      '@pnpm/exe.android-x64': 12.9.1
      '@pnpm/exe.darwin-arm64': 12.9.1
      '@pnpm/exe.darwin-x64': 12.9.1
      '@pnpm/exe.freebsd-x64': 12.9.1
      '@pnpm/exe.linux-arm64': 12.9.1
      '@pnpm/exe.linux-arm64-musl': 12.9.1
      '@pnpm/exe.linux-ppc64': 12.9.1
      '@pnpm/exe.linux-riscv64': 12.9.1
      '@pnpm/exe.linux-s390x': 12.9.1
      '@pnpm/exe.linux-x64': 12.9.1
      '@pnpm/exe.linux-x64-musl': 12.9.1
      '@pnpm/exe.win32-arm64': 12.9.1
      '@pnpm/exe.win32-x64': 12.9.1

---
lockfileVersion: '9.0'

settings:
  autoInstallPeers: true
  excludeLinksFromLockfile: false

importers:

  .:
    devDependencies:
      concurrently:
        specifier: 10.0.5
        version: 10.0.5
      prettier:
        specifier: 3.9.9
        version: 3.9.9

packages:

  ansi-regex@6.4.0:
    resolution: {integrity: sha512-KzTVk2tCWAHtYrvvvaP8bJKJq2pVinhLcGEQdtLIYPbmNGNyYe8QwNaTUYQp2J7/vIsUKt5QCqAfUkYyG9DkOw==}
    engines: {node: '>=12'}

  ansi-styles@6.2.3:
    resolution: {integrity: sha512-4Dj6M28JB+oAH8kFkTLUo+a2jwOFkuqb3yucU0CANcRRUbxS0cP0nZYCGjcc3BNXwRIsUVmDGgzawme7zvJHvg==}
    engines: {node: '>=12'}

  chalk@5.6.2:
    resolution: {integrity: sha512-7NzBL0rN6fMUW+f7A6Io4h40qQlG+xGmtMxfbnH/K7TAtt8JQWVQK+6g0UXKMeVJoyV5EkkNsErQ8pVD3bLHbA==}
    engines: {node: ^12.17.0 || ^14.13 || >=16.0.0}

  cliui@9.0.1:
    resolution: {integrity: sha512-k7ndgKhwoQveBL+/1tqGJYNz097I7WOvwbmmU2AR5+magtbjPWQTS1C5vzGkBC8Ym8UWRzfKUzUUqFLypY4Q+w==}
    engines: {node: '>=20'}

  concurrently@10.0.5:
    resolution: {integrity: sha512-JaP/CoftUrCcAFW/g//RbgEGwlelnEae6cfBLgH6ZdO6s8jPkn6p9SB9u6pdVxYXoiSnFqseOlHfrEfF82TVOg==}
    engines: {node: '>=22'}
    hasBin: true

  emoji-regex@10.6.0:
    resolution: {integrity: sha512-toUI84YS5YmxW219erniWD0CIVOo46xGKColeNQRgOzDorgBi1v4D71/OFzgD9GO2UGKIv1C3Sp8DAn0+j5w7A==}

  escalade@3.2.0:
    resolution: {integrity: sha512-WUj2qlxaQtO4g6Pq5c29GTcWGDyd8itL8zTlipgECz3JesAiiOKotd8JU6otB3PACgG6xkJUyVhboMS+bje/jA==}
    engines: {node: '>=6'}

  get-caller-file@2.0.5:
    resolution: {integrity: sha512-DyFP3BM/3YHTQOCUL/w0OZHR0lpKeGrxotcHWcqNEdnltqFwXVfhEBQ94eIo34AfQpo0rGki4cyIiftY06h2Fg==}
    engines: {node: 6.* || 8.* || >= 10.*}

  get-east-asian-width@1.7.0:
    resolution: {integrity: sha512-XjH1AECxf0giL2V1aU8vKyRR2ppRUb5c0EvT7zuJTokQ74bNo52zOtghqdWIqrhUD79fo3x0WfKZdOqxF6LG1Q==}
    engines: {node: '>=18'}

  prettier@3.9.9:
    resolution: {integrity: sha512-Z/CJHIkdujO/OtN7nXUii0Rf3VT5SRuhjBA82Xvu2XhBUgX3nhP67T0LHceBdQLex7OOFGTox+Q5Yg8Jk2Qivg==}
    engines: {node: '>=14'}
    hasBin: true

  rxjs@7.8.2:
    resolution: {integrity: sha512-dhKf903U/PQZY6boNNtAGdWbG85WAbjT/1xYoZIC7FAY0yWapOBQVsVrDl58W86//e1VpMNBtRV4MaXfdMySFA==}

  shell-quote@1.9.0:
    resolution: {integrity: sha512-Iov+JwFv/2HcTpcwNMKd8+IWNb8tboQJNQTkAY/LLVK7gGH9jy+LGkVqPxfekHl+yMmiqXszdGWXgkfml7hjqA==}
    engines: {node: '>= 0.4'}

  string-width@7.2.0:
    resolution: {integrity: sha512-tsaTIkKW9b4N+AEj+SVA+WhJzV7/zMhcSu78mLKWSk7cXMOSHsBKFWUs0fWwq8QyK3MgJBQRX6Gbi4kYbdvGkQ==}
    engines: {node: '>=18'}

  strip-ansi@7.2.0:
    resolution: {integrity: sha512-yDPMNjp4WyfYBkHnjIRLfca1i6KMyGCtsVgoKe/z1+6vukgaENdgGBZt+ZmKPc4gavvEZ5OgHfHdrazhgNyG7w==}
    engines: {node: '>=12'}

  supports-color@10.2.2:
    resolution: {integrity: sha512-SS+jx45GF1QjgEXQx4NJZV9ImqmO2NPz5FNsIHrsDjh2YsHnawpan7SNQ1o8NuhrbHZy9AZhIoCUiCeaW/C80g==}
    engines: {node: '>=18'}

  tree-kill@1.2.2:
    resolution: {integrity: sha512-L0Orpi8qGpRG//Nd+H90vFB+3iHnue1zSSGmNOOCh1GLJ7rUKVwV2HvijphGQS2UmhUZewS9VgvxYIdgr+fG1A==}
    hasBin: true

  tslib@2.8.1:
    resolution: {integrity: sha512-oJFu94HQb+KVduSUQL7wnpmqnfmLsOA/nAh6b6EH0wCEoK0/mPeXU6c3wKDV83MkOuHPRHtSXKKU99IBazS/2w==}

  wrap-ansi@9.0.2:
    resolution: {integrity: sha512-42AtmgqjV+X1VpdOfyTGOYRi0/zsoLqtXQckTmqTeybT+BDIbM/Guxo7x3pE2vtpr1ok6xRqM9OpBe+Jyoqyww==}
    engines: {node: '>=18'}

  y18n@5.0.8:
    resolution: {integrity: sha512-0pfFzegeDWJHJIAmTLRP2DwHjdF5s7jo9tuztdQxAhINCdvS+3nGINqPd00AphqJR/0LhANUS6/+7SCb98YOfA==}
    engines: {node: '>=10'}

  yargs-parser@22.0.0:
    resolution: {integrity: sha512-rwu/ClNdSMpkSrUb+d6BRsSkLUq1fmfsY6TOpYzTwvwkg1/NRG85KBy3kq++A8LKQwX6lsu+aWad+2khvuXrqw==}
    engines: {node: ^20.19.0 || ^22.12.0 || >=23}

  yargs@18.0.0:
    resolution: {integrity: sha512-4UEqdc2RYGHZc7Doyqkrqiln3p9X2DZVxaGbwhn2pi7MrRagKaOcIKe8L3OxYcbhXLgLFUS3zAYuQjKBQgmuNg==}
    engines: {node: ^20.19.0 || ^22.12.0 || >=23}

snapshots:

  ansi-regex@6.4.0: {}

  ansi-styles@6.2.3: {}

  chalk@5.6.2: {}

  cliui@9.0.1:
    dependencies:
      string-width: 7.2.0
      strip-ansi: 7.2.0
      wrap-ansi: 9.0.2

  concurrently@10.0.5:
    dependencies:
      chalk: 5.6.2
      rxjs: 7.8.2
      shell-quote: 1.9.0
      supports-color: 10.2.2
      tree-kill: 1.2.2
      yargs: 18.0.0

  emoji-regex@10.6.0: {}

  escalade@3.2.0: {}

  get-caller-file@2.0.5: {}

  get-east-asian-width@1.7.0: {}

  prettier@3.9.9: {}

  rxjs@7.8.2:
    dependencies:
      tslib: 2.8.1

  shell-quote@1.9.0: {}

  string-width@7.2.0:
    dependencies:
      emoji-regex: 10.6.0
      get-east-asian-width: 1.7.0
      strip-ansi: 7.2.0

  strip-ansi@7.2.0:
    dependencies:
      ansi-regex: 6.4.0

  supports-color@10.2.2: {}

  tree-kill@1.2.2: {}

  tslib@2.8.1: {}

  wrap-ansi@9.0.2:
    dependencies:
      ansi-styles: 6.2.3
      string-width: 7.2.0
      strip-ansi: 7.2.0

  y18n@5.0.8: {}

  yargs-parser@22.0.0: {}

  yargs@18.0.0:
    dependencies:
      cliui: 9.0.1
      escalade: 3.2.0
      get-caller-file: 2.0.5
      string-width: 7.2.0
      y18n: 5.0.8
      yargs-parser: 22.0.0
