{
  "name": "opiskeluoikeushistorian-debuggaus",
  "version": "1.0.0",
  "lockfileVersion": 2,
  "requires": true,
  "packages": {
    "": {
      "name": "opiskeluoikeushistorian-debuggaus",
      "version": "1.0.0",
      "license": "ISC",
      "dependencies": {
        "jsonpatch": "^3.1.0"
      }
    },
    "node_modules/jsonpatch": {
      "version": "3.1.0",
      "resolved": "https://registry.npmjs.org/jsonpatch/-/jsonpatch-3.1.0.tgz",
      "integrity": "sha512-rJa0FepwDzebgYAuT389AtziWfn3EZA4N5e/B8d50IC1glqlZ7njo7iAI/ph5MYw2GGH7lCE6DGqBGQ7TVa06w==",
      "engines": {
        "node": ">=0.4.0"
      }
    }
  },
  "dependencies": {
    "jsonpatch": {
      "version": "3.1.0",
      "resolved": "https://registry.npmjs.org/jsonpatch/-/jsonpatch-3.1.0.tgz",
      "integrity": "sha512-rJa0FepwDzebgYAuT389AtziWfn3EZA4N5e/B8d50IC1glqlZ7njo7iAI/ph5MYw2GGH7lCE6DGqBGQ7TVa06w=="
    }
  }
}
